
Microsoft Visual Studio Solution File, Format Version 12.00
# Visual Studio 2013
VisualStudioVersion = 12.0.31101.0
MinimumVisualStudioVersion = 10.0.40219.1
Project("{FAE04EC0-301F-11D3-BF4B-00C04F79EFBC}") = "Library", "Library\Library.csproj", "{EFD88B7C-25A0-4833-BC52-813841B6490D}"
EndProject
Global
	GlobalSection(SolutionConfigurationPlatforms) = preSolution
		Debug|Any CPU = Debug|Any CPU
		Release|Any CPU = Release|Any CPU
	EndGlobalSection
	GlobalSection(ProjectConfigurationPlatforms) = postSolution
		{EFD88B7C-25A0-4833-BC52-813841B6490D}.Debug|Any CPU.ActiveCfg = Debug|Any CPU
		{EFD88B7C-25A0-4833-BC52-813841B6490D}.Debug|Any CPU.Build.0 = Debug|Any CPU
		{EFD88B7C-25A0-4833-BC52-813841B6490D}.Release|Any CPU.ActiveCfg = Release|Any CPU
		{EFD88B7C-25A0-4833-BC52-813841B6490D}.Release|Any CPU.Build.0 = Release|Any CPU
	EndGlobalSection
	GlobalSection(SolutionProperties) = preSolution
		HideSolutionNode = FALSE
	EndGlobalSection
EndGlobal
